github.com/greedyor/glua v0.0.2 h1:4HbhBwBbr86fNNxJpKDjowDZ6F0ogDNUkPCbj9fx2vs=
github.com/greedyor/glua v0.0.2/go.mod h1:bGUIrC4lvA2nMbU35pJCrZDlbQtuWsBdH3IMJh6l7vw=
github.com/greedyor/glua v0.0.3 h1:uRFqXjI5Hs5eWM1DWVIsU+MiX2bBpcVCK8dNL2FwV5Y=
github.com/greedyor/glua v0.0.3/go.mod h1:QHFB+tDqgvnZwo8KYpovUQ8xVOnvHWCRW7bzpNiLBCg=
github.com/greedyor/glua v0.0.5 h1:reEaeaZvGNagrW50318ICOjsYK5g30rg+CteOWDWLqo=
github.com/greedyor/glua v0.0.5/go.mod h1:QHFB+tDqgvnZwo8KYpovUQ8xVOnvHWCRW7bzpNiLBCg=
github.com/greedyor/glua v0.0.6 h1:tpqALMeHeqis0lSnju4hKvDvNw5xT7l58YLsMJh99Cc=
github.com/greedyor/glua v0.0.6/go.mod h1:QHFB+tDqgvnZwo8KYpovUQ8xVOnvHWCRW7bzpNiLBCg=
github.com/greedyor/glua v0.0.7 h1:HvFHWYGI2YAOGt0vUZWRtLPUC1jzeVobsG2tAAqYUNQ=
github.com/greedyor/glua v0.0.7/go.mod h1:QHFB+tDqgvnZwo8KYpovUQ8xVOnvHWCRW7bzpNiLBCg=
github.com/greedyor/glua v0.0.9 h1:sGBBH+WWcH4DP9i+It+QxOaI6qGHerh0l+qCS7A4c38=
github.com/greedyor/glua v0.0.9/go.mod h1:QHFB+tDqgvnZwo8KYpovUQ8xVOnvHWCRW7bzpNiLBCg=
github.com/greedyor/glua v0.0.10 h1:63Y7ptQX0hO6bIyLKGxynDlj6b+q05iSlqvep2LZ8TM=
github.com/greedyor/glua v0.0.10/go.mod h1:QHFB+tDqgvnZwo8KYpovUQ8xVOnvHWCRW7bzpNiLBCg=
github.com/greedyor/glua v0.0.11 h1:L027N5V2JsIlhZTOblfLRPNl/YSWUNcCpPkkW+qiSyI=
github.com/greedyor/glua v0.0.11/go.mod h1:QHFB+tDqgvnZwo8KYpovUQ8xVOnvHWCRW7bzpNiLBCg=
github.com/greedyor/glua v0.0.12 h1:TYUpjiMPOEQQLNuzgY+V1K7xsH6yGCiCrBwJ9LKKZoo=
github.com/greedyor/glua v0.0.12/go.mod h1:QHFB+tDqgvnZwo8KYpovUQ8xVOnvHWCRW7bzpNiLBCg=
github.com/greedyor/glua v0.0.13 h1:alrK4dlRVFetbLDW4rzWjC23U8dTwAep5VyTCOX+X64=
github.com/greedyor/glua v0.0.13/go.mod h1:QHFB+tDqgvnZwo8KYpovUQ8xVOnvHWCRW7bzpNiLBCg=
github.com/greedyor/glua v0.0.14 h1:sHHgq9y8FTWwpS6KKTcem74PAH3FwPaY4S6ZggvpVqk=
github.com/greedyor/glua v0.0.14/go.mod h1:QHFB+tDqgvnZwo8KYpovUQ8xVOnvHWCRW7bzpNiLBCg=
github.com/greedyor/glua v0.0.15 h1:v0CVVOojjANyzYWriFZA23SyzC+sgCYFab8MROOGynU=
github.com/greedyor/glua v0.0.15/go.mod h1:QHFB+tDqgvnZwo8KYpovUQ8xVOnvHWCRW7bzpNiLBCg=
github.com/greedyor/glua v0.0.16 h1:jpVQ6QVXqQI04LhgljgFbL+BrHg33f7e3/EyMoGF9yg=
github.com/greedyor/glua v0.0.16/go.mod h1:QHFB+tDqgvnZwo8KYpovUQ8xVOnvHWCRW7bzpNiLBCg=
github.com/greedyor/glua v1.0.1 h1:0Rv45W2Z0OLvhri/4knncidXOgXwLgh/d+fjqS7SnsA=
github.com/greedyor/glua v1.0.1/go.mod h1:bGUIrC4lvA2nMbU35pJCrZDlbQtuWsBdH3IMJh6l7vw=
github.com/yuin/gopher-lua v1.1.1 h1:kYKnWBjvbNP4XLT3+bPEwAXJx262OhaHDWDVOPjL46M=
github.com/yuin/gopher-lua v1.1.1/go.mod h1:GBR0iDaNXjAgGg9zfCvksxSRnQx76gclCIb7kdAd1Pw=
